
Microsoft Visual Studio Solution File, Format Version 12.00
# Visual Studio 15
Project("{FAE04EC0-301F-11D3-BF4B-00C04F79EFBC}") = "Assembly-CSharp", "Assembly-CSharp.csproj", "{91CEB0C2-D18A-A07A-0AB4-5CC6D161ECAE}"
EndProject
Project("{FAE04EC0-301F-11D3-BF4B-00C04F79EFBC}") = "Assembly-CSharp-Editor", "Assembly-CSharp-Editor.csproj", "{139658EC-3755-2D3E-36E4-1B07A9FD477A}"
EndProject
Global
	GlobalSection(SolutionConfigurationPlatforms) = preSolution
		Debug|Any CPU = Debug|Any CPU
		Release|Any CPU = Release|Any CPU
	EndGlobalSection
	GlobalSection(ProjectConfigurationPlatforms) = postSolution
		{91CEB0C2-D18A-A07A-0AB4-5CC6D161ECAE}.Debug|Any CPU.ActiveCfg = Debug|Any CPU
		{91CEB0C2-D18A-A07A-0AB4-5CC6D161ECAE}.Debug|Any CPU.Build.0 = Debug|Any CPU
		{91CEB0C2-D18A-A07A-0AB4-5CC6D161ECAE}.Release|Any CPU.ActiveCfg = Release|Any CPU
		{91CEB0C2-D18A-A07A-0AB4-5CC6D161ECAE}.Release|Any CPU.Build.0 = Release|Any CPU
		{139658EC-3755-2D3E-36E4-1B07A9FD477A}.Debug|Any CPU.ActiveCfg = Debug|Any CPU
		{139658EC-3755-2D3E-36E4-1B07A9FD477A}.Debug|Any CPU.Build.0 = Debug|Any CPU
		{139658EC-3755-2D3E-36E4-1B07A9FD477A}.Release|Any CPU.ActiveCfg = Release|Any CPU
		{139658EC-3755-2D3E-36E4-1B07A9FD477A}.Release|Any CPU.Build.0 = Release|Any CPU
	EndGlobalSection
	GlobalSection(SolutionProperties) = preSolution
		HideSolutionNode = FALSE
	EndGlobalSection
EndGlobal
